
Microsoft Visual Studio Solution File, Format Version 12.00
# Visual Studio Version 16
VisualStudioVersion = 16.0.30621.155
MinimumVisualStudioVersion = 10.0.40219.1
Project("{FAE04EC0-301F-11D3-BF4B-00C04F79EFBC}") = "ApiTest.Android", "ApiTest\ApiTest.Android\ApiTest.Android.csproj", "{BEB5BD77-8954-4CEA-9C06-5522681E7B1E}"
EndProject
Project("{FAE04EC0-301F-11D3-BF4B-00C04F79EFBC}") = "ApiTest.iOS", "ApiTest\ApiTest.iOS\ApiTest.iOS.csproj", "{A410EAA0-477B-41E8-A5F6-AB33937EEE06}"
EndProject
Project("{FAE04EC0-301F-11D3-BF4B-00C04F79EFBC}") = "ApiTest", "ApiTest\ApiTest\ApiTest.csproj", "{1757B6C2-B3BC-4594-8CFB-F3335AD53DEB}"
EndProject
Global
	GlobalSection(SolutionConfigurationPlatforms) = preSolution
		Debug|Any CPU = Debug|Any CPU
		Debug|iPhone = Debug|iPhone
		Debug|iPhoneSimulator = Debug|iPhoneSimulator
		Release|Any CPU = Release|Any CPU
		Release|iPhone = Release|iPhone
		Release|iPhoneSimulator = Release|iPhoneSimulator
	EndGlobalSection
	GlobalSection(ProjectConfigurationPlatforms) = postSolution
		{BEB5BD77-8954-4CEA-9C06-5522681E7B1E}.Debug|Any CPU.ActiveCfg = Debug|Any CPU
		{BEB5BD77-8954-4CEA-9C06-5522681E7B1E}.Debug|Any CPU.Build.0 = Debug|Any CPU
		{BEB5BD77-8954-4CEA-9C06-5522681E7B1E}.Debug|Any CPU.Deploy.0 = Debug|Any CPU
		{BEB5BD77-8954-4CEA-9C06-5522681E7B1E}.Debug|iPhone.ActiveCfg = Debug|Any CPU
		{BEB5BD77-8954-4CEA-9C06-5522681E7B1E}.Debug|iPhone.Build.0 = Debug|Any CPU
		{BEB5BD77-8954-4CEA-9C06-5522681E7B1E}.Debug|iPhone.Deploy.0 = Debug|Any CPU
		{BEB5BD77-8954-4CEA-9C06-5522681E7B1E}.Debug|iPhoneSimulator.ActiveCfg = Debug|Any CPU
		{BEB5BD77-8954-4CEA-9C06-5522681E7B1E}.Debug|iPhoneSimulator.Build.0 = Debug|Any CPU
		{BEB5BD77-8954-4CEA-9C06-5522681E7B1E}.Debug|iPhoneSimulator.Deploy.0 = Debug|Any CPU
		{BEB5BD77-8954-4CEA-9C06-5522681E7B1E}.Release|Any CPU.ActiveCfg = Release|Any CPU
		{BEB5BD77-8954-4CEA-9C06-5522681E7B1E}.Release|Any CPU.Build.0 = Release|Any CPU
		{BEB5BD77-8954-4CEA-9C06-5522681E7B1E}.Release|Any CPU.Deploy.0 = Release|Any CPU
		{BEB5BD77-8954-4CEA-9C06-5522681E7B1E}.Release|iPhone.ActiveCfg = Release|Any CPU
		{BEB5BD77-8954-4CEA-9C06-5522681E7B1E}.Release|iPhone.Build.0 = Release|Any CPU
		{BEB5BD77-8954-4CEA-9C06-5522681E7B1E}.Release|iPhone.Deploy.0 = Release|Any CPU
		{BEB5BD77-8954-4CEA-9C06-5522681E7B1E}.Release|iPhoneSimulator.ActiveCfg = Release|Any CPU
		{BEB5BD77-8954-4CEA-9C06-5522681E7B1E}.Release|iPhoneSimulator.Build.0 = Release|Any CPU
		{BEB5BD77-8954-4CEA-9C06-5522681E7B1E}.Release|iPhoneSimulator.Deploy.0 = Release|Any CPU
		{A410EAA0-477B-41E8-A5F6-AB33937EEE06}.Debug|Any CPU.ActiveCfg = Debug|iPhone
		{A410EAA0-477B-41E8-A5F6-AB33937EEE06}.Debug|Any CPU.Build.0 = Debug|iPhone
		{A410EAA0-477B-41E8-A5F6-AB33937EEE06}.Debug|Any CPU.Deploy.0 = Debug|iPhone
		{A410EAA0-477B-41E8-A5F6-AB33937EEE06}.Debug|iPhone.ActiveCfg = Debug|iPhone
		{A410EAA0-477B-41E8-A5F6-AB33937EEE06}.Debug|iPhone.Build.0 = Debug|iPhone
		{A410EAA0-477B-41E8-A5F6-AB33937EEE06}.Debug|iPhone.Deploy.0 = Debug|iPhone
		{A410EAA0-477B-41E8-A5F6-AB33937EEE06}.Debug|iPhoneSimulator.ActiveCfg = Debug|iPhoneSimulator
		{A410EAA0-477B-41E8-A5F6-AB33937EEE06}.Debug|iPhoneSimulator.Build.0 = Debug|iPhoneSimulator
		{A410EAA0-477B-41E8-A5F6-AB33937EEE06}.Debug|iPhoneSimulator.Deploy.0 = Debug|iPhoneSimulator
		{A410EAA0-477B-41E8-A5F6-AB33937EEE06}.Release|Any CPU.ActiveCfg = Release|iPhoneSimulator
		{A410EAA0-477B-41E8-A5F6-AB33937EEE06}.Release|Any CPU.Build.0 = Release|iPhoneSimulator
		{A410EAA0-477B-41E8-A5F6-AB33937EEE06}.Release|Any CPU.Deploy.0 = Release|iPhoneSimulator
		{A410EAA0-477B-41E8-A5F6-AB33937EEE06}.Release|iPhone.ActiveCfg = Release|iPhone
		{A410EAA0-477B-41E8-A5F6-AB33937EEE06}.Release|iPhone.Build.0 = Release|iPhone
		{A410EAA0-477B-41E8-A5F6-AB33937EEE06}.Release|iPhone.Deploy.0 = Release|iPhone
		{A410EAA0-477B-41E8-A5F6-AB33937EEE06}.Release|iPhoneSimulator.ActiveCfg = Release|iPhoneSimulator
		{A410EAA0-477B-41E8-A5F6-AB33937EEE06}.Release|iPhoneSimulator.Build.0 = Release|iPhoneSimulator
		{A410EAA0-477B-41E8-A5F6-AB33937EEE06}.Release|iPhoneSimulator.Deploy.0 = Release|iPhoneSimulator
		{1757B6C2-B3BC-4594-8CFB-F3335AD53DEB}.Debug|Any CPU.ActiveCfg = Debug|Any CPU
		{1757B6C2-B3BC-4594-8CFB-F3335AD53DEB}.Debug|Any CPU.Build.0 = Debug|Any CPU
		{1757B6C2-B3BC-4594-8CFB-F3335AD53DEB}.Debug|Any CPU.Deploy.0 = Debug|Any CPU
		{1757B6C2-B3BC-4594-8CFB-F3335AD53DEB}.Debug|iPhone.ActiveCfg = Debug|Any CPU
		{1757B6C2-B3BC-4594-8CFB-F3335AD53DEB}.Debug|iPhone.Build.0 = Debug|Any CPU
		{1757B6C2-B3BC-4594-8CFB-F3335AD53DEB}.Debug|iPhone.Deploy.0 = Debug|Any CPU
		{1757B6C2-B3BC-4594-8CFB-F3335AD53DEB}.Debug|iPhoneSimulator.ActiveCfg = Debug|Any CPU
		{1757B6C2-B3BC-4594-8CFB-F3335AD53DEB}.Debug|iPhoneSimulator.Build.0 = Debug|Any CPU
		{1757B6C2-B3BC-4594-8CFB-F3335AD53DEB}.Debug|iPhoneSimulator.Deploy.0 = Debug|Any CPU
		{1757B6C2-B3BC-4594-8CFB-F3335AD53DEB}.Release|Any CPU.ActiveCfg = Release|Any CPU
		{1757B6C2-B3BC-4594-8CFB-F3335AD53DEB}.Release|Any CPU.Build.0 = Release|Any CPU
		{1757B6C2-B3BC-4594-8CFB-F3335AD53DEB}.Release|Any CPU.Deploy.0 = Release|Any CPU
		{1757B6C2-B3BC-4594-8CFB-F3335AD53DEB}.Release|iPhone.ActiveCfg = Release|Any CPU
		{1757B6C2-B3BC-4594-8CFB-F3335AD53DEB}.Release|iPhone.Build.0 = Release|Any CPU
		{1757B6C2-B3BC-4594-8CFB-F3335AD53DEB}.Release|iPhone.Deploy.0 = Release|Any CPU
		{1757B6C2-B3BC-4594-8CFB-F3335AD53DEB}.Release|iPhoneSimulator.ActiveCfg = Release|Any CPU
		{1757B6C2-B3BC-4594-8CFB-F3335AD53DEB}.Release|iPhoneSimulator.Build.0 = Release|Any CPU
		{1757B6C2-B3BC-4594-8CFB-F3335AD53DEB}.Release|iPhoneSimulator.Deploy.0 = Release|Any CPU
	EndGlobalSection
	GlobalSection(SolutionProperties) = preSolution
		HideSolutionNode = FALSE
	EndGlobalSection
	GlobalSection(ExtensibilityGlobals) = postSolution
		SolutionGuid = {DF3CD86C-ED19-4E59-B423-939BDD78DFED}
	EndGlobalSection
EndGlobal
